
Microsoft Visual Studio Solution File, Format Version 12.00
# Visual Studio Version 16
VisualStudioVersion = 16.0.31026.101
MinimumVisualStudioVersion = 10.0.40219.1
Project("{FAE04EC0-301F-11D3-BF4B-00C04F79EFBC}") = "devops", "devops\devops.csproj", "{A9526B7E-C912-4660-A664-42D86DA1034D}"
EndProject
Global
	GlobalSection(SolutionConfigurationPlatforms) = preSolution
		Debug|Any CPU = Debug|Any CPU
		Release|Any CPU = Release|Any CPU
	EndGlobalSection
	GlobalSection(ProjectConfigurationPlatforms) = postSolution
		{A9526B7E-C912-4660-A664-42D86DA1034D}.Debug|Any CPU.ActiveCfg = Debug|Any CPU
		{A9526B7E-C912-4660-A664-42D86DA1034D}.Debug|Any CPU.Build.0 = Debug|Any CPU
		{A9526B7E-C912-4660-A664-42D86DA1034D}.Release|Any CPU.ActiveCfg = Release|Any CPU
		{A9526B7E-C912-4660-A664-42D86DA1034D}.Release|Any CPU.Build.0 = Release|Any CPU
	EndGlobalSection
	GlobalSection(SolutionProperties) = preSolution
		HideSolutionNode = FALSE
	EndGlobalSection
	GlobalSection(ExtensibilityGlobals) = postSolution
		SolutionGuid = {A5180143-CAC4-46E8-A0AB-8EEFD396FA28}
	EndGlobalSection
EndGlobal
